
Microsoft Visual Studio Solution File, Format Version 12.00
# Visual Studio Version 17
VisualStudioVersion = 17.5.33516.290
MinimumVisualStudioVersion = 10.0.40219.1
Project("{FAE04EC0-301F-11D3-BF4B-00C04F79EFBC}") = "TemplateDependencyInjection", "TemplateDependencyInjection\TemplateDependencyInjection.csproj", "{6FD97E21-64A6-4D03-8A96-161CDAC098C8}"
EndProject
Project("{FAE04EC0-301F-11D3-BF4B-00C04F79EFBC}") = "TemplateDependencyInjection.Domain", "TemplateDependencyInjection.Domain\TemplateDependencyInjection.Domain.csproj", "{F5A6E4F3-C0CA-4B2E-BC60-67AB57A5EC7C}"
EndProject
Project("{FAE04EC0-301F-11D3-BF4B-00C04F79EFBC}") = "TemplateDependencyInjection.Infrastructure", "TemplateDependencyInjection.Infrastructure\TemplateDependencyInjection.Infrastructure.csproj", "{0D30FAF1-7195-4C9B-960C-2A6064EEAA7F}"
EndProject
Project("{FAE04EC0-301F-11D3-BF4B-00C04F79EFBC}") = "TemplateDependencyInjection.Tests", "TemplateDependencyInjection.Tests\TemplateDependencyInjection.Tests.csproj", "{D526D2B0-E6AA-4502-8999-D57658B9A0A7}"
EndProject
Global
	GlobalSection(SolutionConfigurationPlatforms) = preSolution
		Debug|Any CPU = Debug|Any CPU
		Release|Any CPU = Release|Any CPU
	EndGlobalSection
	GlobalSection(ProjectConfigurationPlatforms) = postSolution
		{6FD97E21-64A6-4D03-8A96-161CDAC098C8}.Debug|Any CPU.ActiveCfg = Debug|Any CPU
		{6FD97E21-64A6-4D03-8A96-161CDAC098C8}.Debug|Any CPU.Build.0 = Debug|Any CPU
		{6FD97E21-64A6-4D03-8A96-161CDAC098C8}.Release|Any CPU.ActiveCfg = Release|Any CPU
		{6FD97E21-64A6-4D03-8A96-161CDAC098C8}.Release|Any CPU.Build.0 = Release|Any CPU
		{F5A6E4F3-C0CA-4B2E-BC60-67AB57A5EC7C}.Debug|Any CPU.ActiveCfg = Debug|Any CPU
		{F5A6E4F3-C0CA-4B2E-BC60-67AB57A5EC7C}.Debug|Any CPU.Build.0 = Debug|Any CPU
		{F5A6E4F3-C0CA-4B2E-BC60-67AB57A5EC7C}.Release|Any CPU.ActiveCfg = Release|Any CPU
		{F5A6E4F3-C0CA-4B2E-BC60-67AB57A5EC7C}.Release|Any CPU.Build.0 = Release|Any CPU
		{0D30FAF1-7195-4C9B-960C-2A6064EEAA7F}.Debug|Any CPU.ActiveCfg = Debug|Any CPU
		{0D30FAF1-7195-4C9B-960C-2A6064EEAA7F}.Debug|Any CPU.Build.0 = Debug|Any CPU
		{0D30FAF1-7195-4C9B-960C-2A6064EEAA7F}.Release|Any CPU.ActiveCfg = Release|Any CPU
		{0D30FAF1-7195-4C9B-960C-2A6064EEAA7F}.Release|Any CPU.Build.0 = Release|Any CPU
		{D526D2B0-E6AA-4502-8999-D57658B9A0A7}.Debug|Any CPU.ActiveCfg = Debug|Any CPU
		{D526D2B0-E6AA-4502-8999-D57658B9A0A7}.Debug|Any CPU.Build.0 = Debug|Any CPU
		{D526D2B0-E6AA-4502-8999-D57658B9A0A7}.Release|Any CPU.ActiveCfg = Release|Any CPU
		{D526D2B0-E6AA-4502-8999-D57658B9A0A7}.Release|Any CPU.Build.0 = Release|Any CPU
	EndGlobalSection
	GlobalSection(SolutionProperties) = preSolution
		HideSolutionNode = FALSE
	EndGlobalSection
	GlobalSection(ExtensibilityGlobals) = postSolution
		SolutionGuid = {62A1A955-D620-4285-90D8-0145E780135B}
	EndGlobalSection
EndGlobal
